
Microsoft Visual Studio Solution File, Format Version 12.00
# Visual Studio Version 16
VisualStudioVersion = 16.0.30907.101
MinimumVisualStudioVersion = 10.0.40219.1
Project("{9A19103F-16F7-4668-BE54-9A1E7A4F7556}") = "WeeHardwareStatServer", "WeeHardwareStatServer.csproj", "{EC4ECE53-A57C-4C3E-8E52-64D07DE45CB4}"
EndProject
Global
	GlobalSection(SolutionConfigurationPlatforms) = preSolution
		Debug|Any CPU = Debug|Any CPU
		Release|Any CPU = Release|Any CPU
	EndGlobalSection
	GlobalSection(ProjectConfigurationPlatforms) = postSolution
		{EC4ECE53-A57C-4C3E-8E52-64D07DE45CB4}.Debug|Any CPU.ActiveCfg = Debug|Any CPU
		{EC4ECE53-A57C-4C3E-8E52-64D07DE45CB4}.Debug|Any CPU.Build.0 = Debug|Any CPU
		{EC4ECE53-A57C-4C3E-8E52-64D07DE45CB4}.Release|Any CPU.ActiveCfg = Release|Any CPU
		{EC4ECE53-A57C-4C3E-8E52-64D07DE45CB4}.Release|Any CPU.Build.0 = Release|Any CPU
	EndGlobalSection
	GlobalSection(SolutionProperties) = preSolution
		HideSolutionNode = FALSE
	EndGlobalSection
	GlobalSection(ExtensibilityGlobals) = postSolution
		SolutionGuid = {48DACB84-D635-424A-97DA-3C171168642C}
	EndGlobalSection
EndGlobal
